
Microsoft Visual Studio Solution File, Format Version 12.00
# Visual Studio Version 16
VisualStudioVersion = 16.0.33328.57
MinimumVisualStudioVersion = 10.0.40219.1
Project("{FAE04EC0-301F-11D3-BF4B-00C04F79EFBC}") = "ConsoleApp_14Oct2023", "ConsoleApp_14Oct2023\ConsoleApp_14Oct2023.csproj", "{518CE2CF-5D8B-4B53-A10F-F9AFD91811EA}"
EndProject
Global
	GlobalSection(SolutionConfigurationPlatforms) = preSolution
		Debug|Any CPU = Debug|Any CPU
		Release|Any CPU = Release|Any CPU
	EndGlobalSection
	GlobalSection(ProjectConfigurationPlatforms) = postSolution
		{518CE2CF-5D8B-4B53-A10F-F9AFD91811EA}.Debug|Any CPU.ActiveCfg = Debug|Any CPU
		{518CE2CF-5D8B-4B53-A10F-F9AFD91811EA}.Debug|Any CPU.Build.0 = Debug|Any CPU
		{518CE2CF-5D8B-4B53-A10F-F9AFD91811EA}.Release|Any CPU.ActiveCfg = Release|Any CPU
		{518CE2CF-5D8B-4B53-A10F-F9AFD91811EA}.Release|Any CPU.Build.0 = Release|Any CPU
	EndGlobalSection
	GlobalSection(SolutionProperties) = preSolution
		HideSolutionNode = FALSE
	EndGlobalSection
	GlobalSection(ExtensibilityGlobals) = postSolution
		SolutionGuid = {A926E3C6-9A0E-4D62-8390-0A8379512469}
	EndGlobalSection
EndGlobal
